<Solution>
  <Folder Name="/Solution Items/">
    <File Path=".gitignore" />
  </Folder>
  <Project Path="ProfileAPI/ProfileAPI.csproj" />
  <Project Path="ProfileApplication/ProfileApplication.csproj" />
  <Project Path="ProfileDomain/ProfileDomain.csproj" />
  <Project Path="ProfileInfrastructure/ProfileInfrastructure.csproj" />
</Solution>
